<?xml version="1.0" encoding="utf-8"?>
<Project ToolsVersion="4.0" xmlns="http://schemas.microsoft.com/developer/msbuild/2003">
  <ItemGroup>
    <Filter Include="Source Files">
      <UniqueIdentifier>{4FC737F1-C7A5-4376-A066-2A32D752A2FF}</UniqueIdentifier>
      <Extensions>cpp;c;cc;cxx;c++;cppm;ixx;def;odl;idl;hpj;bat;asm;asmx</Extensions>
    </Filter>
    <Filter Include="Header Files">
      <UniqueIdentifier>{93995380-89BD-4b04-88EB-625FBE52EBFB}</UniqueIdentifier>
      <Extensions>h;hh;hpp;hxx;h++;hm;inl;inc;ipp;xsd</Extensions>
    </Filter>
    <Filter Include="Resource Files">
      <UniqueIdentifier>{67DA6AB6-F800-4c08-8B7A-83BB121AAD01}</UniqueIdentifier>
      <Extensions>rc;ico;cur;bmp;dlg;rc2;rct;bin;rgs;gif;jpg;jpeg;jpe;resx;tiff;tif;png;wav;mfcribbon-ms</Extensions>
    </Filter>
  </ItemGroup>
  <ItemGroup>
    <ClInclude Include="defs.hpp">
      <Filter>Header Files</Filter>
    </ClInclude>
  </ItemGroup>
  <ItemGroup>
    <ClCompile Include="game\source\main.cpp">
      <Filter>Source Files</Filter>
    </ClCompile>
    <ClCompile Include="game\source\player\player.cpp">
      <Filter>Source Files</Filter>
    </ClCompile>
    <ClCompile Include="game\module\block\block.cppm">
      <Filter>Header Files</Filter>
    </ClCompile>
    <ClCompile Include="game\module\block\normal_blocks.cppm">
      <Filter>Header Files</Filter>
    </ClCompile>
    <ClCompile Include="game\module\main.cppm">
      <Filter>Header Files</Filter>
    </ClCompile>
    <ClCompile Include="game\module\player\player.cppm">
      <Filter>Header Files</Filter>
    </ClCompile>
    <ClCompile Include="game\module\texture\asset_loader.cppm">
      <Filter>Header Files</Filter>
    </ClCompile>
    <ClCompile Include="game\module\texture\atlas_texture.cppm">
      <Filter>Header Files</Filter>
    </ClCompile>
    <ClCompile Include="game\module\logger.cppm">
      <Filter>Header Files</Filter>
    </ClCompile>
    <ClCompile Include="game\module\player\skin_manager.cppm">
      <Filter>Header Files</Filter>
    </ClCompile>
    <ClCompile Include="misc\format.cppm">
      <Filter>Header Files</Filter>
    </ClCompile>
    <ClCompile Include="misc\ptr.cppm">
      <Filter>Header Files</Filter>
    </ClCompile>
    <ClCompile Include="misc\pos.cppm">
      <Filter>Source Files</Filter>
    </ClCompile>
    <ClCompile Include="game\source\player\skin_manager.cpp">
      <Filter>Source Files</Filter>
    </ClCompile>
    <ClCompile Include="misc\number.cppm">
      <Filter>Source Files</Filter>
    </ClCompile>
    <ClCompile Include="game\module\thread.cppm">
      <Filter>Source Files</Filter>
    </ClCompile>
    <ClCompile Include="game\module\core.cppm">
      <Filter>Source Files</Filter>
    </ClCompile>
    <ClCompile Include="game\module\world\biome.cppm">
      <Filter>Source Files</Filter>
    </ClCompile>
    <ClCompile Include="game\module\world\chunk.cppm">
      <Filter>Source Files</Filter>
    </ClCompile>
    <ClCompile Include="game\module\world\terrain.cppm">
      <Filter>Source Files</Filter>
    </ClCompile>
    <ClCompile Include="game\module\environment.cppm">
      <Filter>Source Files</Filter>
    </ClCompile>
    <ClCompile Include="misc\str.cppm">
      <Filter>Source Files</Filter>
    </ClCompile>
    <ClCompile Include="misc\hasher.cppm">
      <Filter>Source Files</Filter>
    </ClCompile>
    <ClCompile Include="misc\dict.cppm">
      <Filter>Source Files</Filter>
    </ClCompile>
    <ClCompile Include="misc\range.cppm">
      <Filter>Source Files</Filter>
    </ClCompile>
    <ClCompile Include="misc\list.cppm">
      <Filter>Source Files</Filter>
    </ClCompile>
    <ClCompile Include="game\module\command.cppm">
      <Filter>Source Files</Filter>
    </ClCompile>
    <ClCompile Include="game\source\command.cpp">
      <Filter>Source Files</Filter>
    </ClCompile>
    <ClCompile Include="game\module\server.cppm">
      <Filter>Source Files</Filter>
    </ClCompile>
    <ClCompile Include="game\source\server.cpp">
      <Filter>Source Files</Filter>
    </ClCompile>
    <ClCompile Include="game\module\network.cppm">
      <Filter>Source Files</Filter>
    </ClCompile>
    <ClCompile Include="game\module\world\cave.cppm">
      <Filter>Source Files</Filter>
    </ClCompile>
    <ClCompile Include="game\module\player\player_data.cppm">
      <Filter>Source Files</Filter>
    </ClCompile>
    <ClCompile Include="game\source\block\block.cpp">
      <Filter>Source Files</Filter>
    </ClCompile>
    <ClCompile Include="game\source\texture\asset_loader.cpp">
      <Filter>Source Files</Filter>
    </ClCompile>
    <ClCompile Include="game\source\texture\atlas_texture.cpp">
      <Filter>Source Files</Filter>
    </ClCompile>
    <ClCompile Include="game\source\world\biome.cpp">
      <Filter>Source Files</Filter>
    </ClCompile>
    <ClCompile Include="game\source\world\cave.cpp">
      <Filter>Source Files</Filter>
    </ClCompile>
    <ClCompile Include="game\source\world\chunk.cpp">
      <Filter>Source Files</Filter>
    </ClCompile>
    <ClCompile Include="game\source\world\terrain.cpp">
      <Filter>Source Files</Filter>
    </ClCompile>
    <ClCompile Include="misc\gc.cppm">
      <Filter>Source Files</Filter>
    </ClCompile>
    <ClCompile Include="game\source\environment.cpp">
      <Filter>Source Files</Filter>
    </ClCompile>
    <ClCompile Include="misc\set.cppm">
      <Filter>Source Files</Filter>
    </ClCompile>
    <ClCompile Include="game\module\block\redstone.cppm">
      <Filter>Source Files</Filter>
    </ClCompile>
    <ClCompile Include="game\source\block\restone.cpp">
      <Filter>Source Files</Filter>
    </ClCompile>
    <ClCompile Include="game\source\network.cpp">
      <Filter>Source Files</Filter>
    </ClCompile>
    <ClCompile Include="game\source\thread.cpp">
      <Filter>Source Files</Filter>
    </ClCompile>
    <ClCompile Include="game\source\logger.cpp">
      <Filter>Source Files</Filter>
    </ClCompile>
    <ClCompile Include="game\source\bridge.cpp">
      <Filter>Source Files</Filter>
    </ClCompile>
    <ClCompile Include="game\module\block\metadata.cppm">
      <Filter>Source Files</Filter>
    </ClCompile>
    <ClCompile Include="game\source\block\metadata.cpp">
      <Filter>Source Files</Filter>
    </ClCompile>
  </ItemGroup>
</Project>